
Microsoft Visual Studio Solution File, Format Version 12.00
# Visual Studio Version 16
VisualStudioVersion = 16.0.29728.190
MinimumVisualStudioVersion = 10.0.40219.1
Project("{9A19103F-16F7-4668-BE54-9A1E7A4F7556}") = "SendOrder", "SendOrder.csproj", "{E921D69E-A696-4FC0-A0B5-FAB59C202C1A}"
EndProject
Project("{2150E333-8FDC-42A3-9474-1A3956D46DE8}") = "Solution Items", "Solution Items", "{81535D6A-4B64-492F-85D7-E042845F8EFD}"
	ProjectSection(SolutionItems) = preProject
		.editorconfig = .editorconfig
	EndProjectSection
EndProject
Global
	GlobalSection(SolutionConfigurationPlatforms) = preSolution
		Debug|Any CPU = Debug|Any CPU
		Debug|x64 = Debug|x64
		Release|Any CPU = Release|Any CPU
		Release|x64 = Release|x64
	EndGlobalSection
	GlobalSection(ProjectConfigurationPlatforms) = postSolution
		{E921D69E-A696-4FC0-A0B5-FAB59C202C1A}.Debug|Any CPU.ActiveCfg = Debug|Any CPU
		{E921D69E-A696-4FC0-A0B5-FAB59C202C1A}.Debug|Any CPU.Build.0 = Debug|Any CPU
		{E921D69E-A696-4FC0-A0B5-FAB59C202C1A}.Debug|x64.ActiveCfg = Debug|x64
		{E921D69E-A696-4FC0-A0B5-FAB59C202C1A}.Debug|x64.Build.0 = Debug|x64
		{E921D69E-A696-4FC0-A0B5-FAB59C202C1A}.Release|Any CPU.ActiveCfg = Release|Any CPU
		{E921D69E-A696-4FC0-A0B5-FAB59C202C1A}.Release|Any CPU.Build.0 = Release|Any CPU
		{E921D69E-A696-4FC0-A0B5-FAB59C202C1A}.Release|x64.ActiveCfg = Release|x64
		{E921D69E-A696-4FC0-A0B5-FAB59C202C1A}.Release|x64.Build.0 = Release|x64
	EndGlobalSection
	GlobalSection(SolutionProperties) = preSolution
		HideSolutionNode = FALSE
	EndGlobalSection
	GlobalSection(ExtensibilityGlobals) = postSolution
		SolutionGuid = {F74A7615-A8B1-46FF-A7F5-53433394C1FA}
	EndGlobalSection
EndGlobal
